
Microsoft Visual Studio Solution File, Format Version 12.00
# Visual Studio Version 17
VisualStudioVersion = 17.10.35122.118
MinimumVisualStudioVersion = 10.0.40219.1
Project("{FAE04EC0-301F-11D3-BF4B-00C04F79EFBC}") = "MovieTicketBooking", "MovieTicketBooking\MovieTicketBooking.csproj", "{A045AA1C-D1B2-4BD7-9560-399758284BBD}"
EndProject
Global
	GlobalSection(SolutionConfigurationPlatforms) = preSolution
		Debug|Any CPU = Debug|Any CPU
		Release|Any CPU = Release|Any CPU
	EndGlobalSection
	GlobalSection(ProjectConfigurationPlatforms) = postSolution
		{A045AA1C-D1B2-4BD7-9560-399758284BBD}.Debug|Any CPU.ActiveCfg = Debug|Any CPU
		{A045AA1C-D1B2-4BD7-9560-399758284BBD}.Debug|Any CPU.Build.0 = Debug|Any CPU
		{A045AA1C-D1B2-4BD7-9560-399758284BBD}.Release|Any CPU.ActiveCfg = Release|Any CPU
		{A045AA1C-D1B2-4BD7-9560-399758284BBD}.Release|Any CPU.Build.0 = Release|Any CPU
	EndGlobalSection
	GlobalSection(SolutionProperties) = preSolution
		HideSolutionNode = FALSE
	EndGlobalSection
	GlobalSection(ExtensibilityGlobals) = postSolution
		SolutionGuid = {98EB8B4A-E68A-47DE-A51C-F0E7B38F64A2}
	EndGlobalSection
EndGlobal
